
Microsoft Visual Studio Solution File, Format Version 12.00
# Visual Studio Version 16
VisualStudioVersion = 16.0.32228.343
MinimumVisualStudioVersion = 10.0.40219.1
Project("{9A19103F-16F7-4668-BE54-9A1E7A4F7556}") = "yelizuyar", "yelizuyar\yelizuyar.csproj", "{B5055CA8-1C10-43EE-89EC-705810502403}"
EndProject
Project("{2150E333-8FDC-42A3-9474-1A3956D46DE8}") = "CORE", "CORE", "{F02F034B-5E66-4BCA-9970-51AC841F7533}"
EndProject
Project("{FAE04EC0-301F-11D3-BF4B-00C04F79EFBC}") = "yelizuyar.CORE", "yelizuyar.CORE\yelizuyar.CORE.csproj", "{E69088CF-27D3-4A7C-B947-8FFA9AFEDF82}"
EndProject
Project("{2150E333-8FDC-42A3-9474-1A3956D46DE8}") = "SERVICES", "SERVICES", "{0491D2ED-B61C-4435-B0F5-3CE3D1F78885}"
EndProject
Project("{FAE04EC0-301F-11D3-BF4B-00C04F79EFBC}") = "yelizuyar.ENGINES", "yelizuyar.ENGINES\yelizuyar.ENGINES.csproj", "{AACA4DFF-C041-4031-B25A-219CA675D920}"
EndProject
Global
	GlobalSection(SolutionConfigurationPlatforms) = preSolution
		Debug|Any CPU = Debug|Any CPU
		Release|Any CPU = Release|Any CPU
	EndGlobalSection
	GlobalSection(ProjectConfigurationPlatforms) = postSolution
		{B5055CA8-1C10-43EE-89EC-705810502403}.Debug|Any CPU.ActiveCfg = Debug|Any CPU
		{B5055CA8-1C10-43EE-89EC-705810502403}.Debug|Any CPU.Build.0 = Debug|Any CPU
		{B5055CA8-1C10-43EE-89EC-705810502403}.Release|Any CPU.ActiveCfg = Release|Any CPU
		{B5055CA8-1C10-43EE-89EC-705810502403}.Release|Any CPU.Build.0 = Release|Any CPU
		{E69088CF-27D3-4A7C-B947-8FFA9AFEDF82}.Debug|Any CPU.ActiveCfg = Debug|Any CPU
		{E69088CF-27D3-4A7C-B947-8FFA9AFEDF82}.Debug|Any CPU.Build.0 = Debug|Any CPU
		{E69088CF-27D3-4A7C-B947-8FFA9AFEDF82}.Release|Any CPU.ActiveCfg = Release|Any CPU
		{E69088CF-27D3-4A7C-B947-8FFA9AFEDF82}.Release|Any CPU.Build.0 = Release|Any CPU
		{AACA4DFF-C041-4031-B25A-219CA675D920}.Debug|Any CPU.ActiveCfg = Debug|Any CPU
		{AACA4DFF-C041-4031-B25A-219CA675D920}.Debug|Any CPU.Build.0 = Debug|Any CPU
		{AACA4DFF-C041-4031-B25A-219CA675D920}.Release|Any CPU.ActiveCfg = Release|Any CPU
		{AACA4DFF-C041-4031-B25A-219CA675D920}.Release|Any CPU.Build.0 = Release|Any CPU
	EndGlobalSection
	GlobalSection(SolutionProperties) = preSolution
		HideSolutionNode = FALSE
	EndGlobalSection
	GlobalSection(NestedProjects) = preSolution
		{E69088CF-27D3-4A7C-B947-8FFA9AFEDF82} = {F02F034B-5E66-4BCA-9970-51AC841F7533}
		{AACA4DFF-C041-4031-B25A-219CA675D920} = {0491D2ED-B61C-4435-B0F5-3CE3D1F78885}
	EndGlobalSection
	GlobalSection(ExtensibilityGlobals) = postSolution
		SolutionGuid = {4B19C7CE-5576-4194-8353-30C8E71C6D24}
	EndGlobalSection
EndGlobal
